# generated by rye
# use `rye lock` or `rye sync` to update this lockfile
#
# last locked with the following flags:
#   pre: false
#   features: []
#   all-features: false
#   with-sources: false
#   generate-hashes: false
#   universal: false

-e file:.
attrs==24.3.0
    # via boxsdk
aws-lambda-powertools==3.4.0
    # via sync-box-files-to-s3
boto3==1.35.91
    # via sync-box-files-to-s3
botocore==1.35.91
    # via boto3
    # via pynamodb
    # via s3transfer
box-sdk-gen==1.9.0
    # via sync-box-files-to-s3
boxsdk==3.13.0
    # via sync-box-files-to-s3
certifi==2024.12.14
    # via requests
charset-normalizer==3.4.1
    # via requests
idna==3.10
    # via requests
jmespath==1.0.1
    # via aws-lambda-powertools
    # via boto3
    # via botocore
pip==24.3.1
    # via sync-box-files-to-s3
pynamodb==6.0.1
    # via sync-box-files-to-s3
python-dateutil==2.9.0.post0
    # via botocore
    # via boxsdk
requests==2.32.3
    # via box-sdk-gen
    # via boxsdk
    # via requests-toolbelt
requests-toolbelt==1.0.0
    # via box-sdk-gen
    # via boxsdk
s3transfer==0.10.4
    # via boto3
six==1.17.0
    # via python-dateutil
typing-extensions==4.12.2
    # via aws-lambda-powertools
urllib3==2.3.0
    # via botocore
    # via boxsdk
    # via requests
